
Microsoft Visual Studio Solution File, Format Version 12.00
# Visual Studio Version 17
VisualStudioVersion = 17.11.35219.272
MinimumVisualStudioVersion = 10.0.40219.1
Project("{9A19103F-16F7-4668-BE54-9A1E7A4F7556}") = "Orders.Backend", "Orders.Backend\Orders.Backend.csproj", "{5A50AB3E-DC4A-488E-AEC1-09857F125DBA}"
EndProject
Project("{9A19103F-16F7-4668-BE54-9A1E7A4F7556}") = "Orders.Frontend", "Orders.Frontend\Orders.Frontend.csproj", "{685FE5BD-D5A1-4D46-BDB6-355637FA6FD8}"
EndProject
Project("{9A19103F-16F7-4668-BE54-9A1E7A4F7556}") = "Orders.Shared", "Orders.Shared\Orders.Shared.csproj", "{97C3B8E5-C9C4-403E-90B5-B28597ACA12B}"
EndProject
Project("{9A19103F-16F7-4668-BE54-9A1E7A4F7556}") = "Orders.Tests", "Orders.Test\Orders.Tests.csproj", "{3A625F8F-F9A5-42AB-B920-1F4A6B5C6D82}"
EndProject
Global
	GlobalSection(SolutionConfigurationPlatforms) = preSolution
		Debug|Any CPU = Debug|Any CPU
		Release|Any CPU = Release|Any CPU
	EndGlobalSection
	GlobalSection(ProjectConfigurationPlatforms) = postSolution
		{5A50AB3E-DC4A-488E-AEC1-09857F125DBA}.Debug|Any CPU.ActiveCfg = Debug|Any CPU
		{5A50AB3E-DC4A-488E-AEC1-09857F125DBA}.Debug|Any CPU.Build.0 = Debug|Any CPU
		{5A50AB3E-DC4A-488E-AEC1-09857F125DBA}.Release|Any CPU.ActiveCfg = Release|Any CPU
		{5A50AB3E-DC4A-488E-AEC1-09857F125DBA}.Release|Any CPU.Build.0 = Release|Any CPU
		{685FE5BD-D5A1-4D46-BDB6-355637FA6FD8}.Debug|Any CPU.ActiveCfg = Debug|Any CPU
		{685FE5BD-D5A1-4D46-BDB6-355637FA6FD8}.Debug|Any CPU.Build.0 = Debug|Any CPU
		{685FE5BD-D5A1-4D46-BDB6-355637FA6FD8}.Release|Any CPU.ActiveCfg = Release|Any CPU
		{685FE5BD-D5A1-4D46-BDB6-355637FA6FD8}.Release|Any CPU.Build.0 = Release|Any CPU
		{97C3B8E5-C9C4-403E-90B5-B28597ACA12B}.Debug|Any CPU.ActiveCfg = Debug|Any CPU
		{97C3B8E5-C9C4-403E-90B5-B28597ACA12B}.Debug|Any CPU.Build.0 = Debug|Any CPU
		{97C3B8E5-C9C4-403E-90B5-B28597ACA12B}.Release|Any CPU.ActiveCfg = Release|Any CPU
		{97C3B8E5-C9C4-403E-90B5-B28597ACA12B}.Release|Any CPU.Build.0 = Release|Any CPU
		{3A625F8F-F9A5-42AB-B920-1F4A6B5C6D82}.Debug|Any CPU.ActiveCfg = Debug|Any CPU
		{3A625F8F-F9A5-42AB-B920-1F4A6B5C6D82}.Debug|Any CPU.Build.0 = Debug|Any CPU
		{3A625F8F-F9A5-42AB-B920-1F4A6B5C6D82}.Release|Any CPU.ActiveCfg = Release|Any CPU
		{3A625F8F-F9A5-42AB-B920-1F4A6B5C6D82}.Release|Any CPU.Build.0 = Release|Any CPU
	EndGlobalSection
	GlobalSection(SolutionProperties) = preSolution
		HideSolutionNode = FALSE
	EndGlobalSection
	GlobalSection(ExtensibilityGlobals) = postSolution
		SolutionGuid = {89CB3471-2AD2-4D00-9D86-0818B69DFCAB}
	EndGlobalSection
EndGlobal
